{
  "name": "@duhu2000/cninfo-mcp",
  "version": "1.4.3",
  "lockfileVersion": 3,
  "requires": true,
  "packages": {
    "": {
      "name": "@duhu2000/cninfo-mcp",
      "version": "1.4.3",
      "license": "MIT",
      "os": [
        "darwin",
        "linux",
        "win32"
      ],
      "dependencies": {
        "@modelcontextprotocol/server": "2.3.0",
        "zod": "4.6.5"
      },
      "bin": {
        "cninfo-mcp": "bin/cninfo-mcp.mjs"
      },
      "devDependencies": {
        "@types/node": "^20.11.0"
      },
      "engines": {
        "node": ">=20.0.0"
      }
    },
    "node_modules/@modelcontextprotocol/core": {
      "version": "2.3.0",
      "resolved": "https://registry.npmjs.org/@modelcontextprotocol/core/-/core-2.3.0.tgz",
      "integrity": "sha512-09BHFaNVBe5pB2AhzCfLj0cqmsKLERvZQ4FblzP90UMGLaXVqdZPByFjURwsUYCmxonUW2yAwgTTvle+8O2/8w==",
      "license": "Apache-2.0",
      "dependencies": {
        "zod": "^4.2.0"
      },
      "engines": {
        "node": ">=20"
      }
    },
    "node_modules/@modelcontextprotocol/server": {
      "version": "2.3.0",
      "resolved": "https://registry.npmjs.org/@modelcontextprotocol/server/-/server-2.3.0.tgz",
      "integrity": "sha512-+6b0LdsQLmHsvS7J6sQJ4weTpzUn61fU1JKS+321/+IyDYoHW5CR2Tgqcs6GgAAQvlesCo6yX3xttgmx+XGtJw==",
      "license": "Apache-2.0",
      "dependencies": {
        "@modelcontextprotocol/core": "2.3.0",
        "zod": "^4.2.0"
      },
      "engines": {
        "node": ">=20"
      }
    },
    "node_modules/@types/node": {
      "version": "20.19.33",
      "resolved": "https://registry.npmjs.org/@types/node/-/node-20.19.33.tgz",
      "integrity": "sha512-Rs1bVAIdBs5gbTIKza/tgpMuG1k3U/UMJLWecIMxNdJFDMzcM5LOiLVRYh3PilWEYDIeUDv7bpiHPLPsbydGcw==",
      "dev": true,
      "license": "MIT",
      "dependencies": {
        "undici-types": "~6.21.0"
      }
    },
    "node_modules/undici-types": {
      "version": "6.21.0",
      "resolved": "https://registry.npmjs.org/undici-types/-/undici-types-6.21.0.tgz",
      "integrity": "sha512-iwDZqg0QAGrg9Rav5H4n0M64c3mkR59cJ6wQp+7C4nI0gsmExaedaYLNO44eT4AtBBwjbTiGPMlt2Md0T9H9JQ==",
      "dev": true,
      "license": "MIT"
    },
    "node_modules/zod": {
      "version": "4.6.5",
      "resolved": "https://registry.npmjs.org/zod/-/zod-4.6.5.tgz",
      "integrity": "sha512-v5l/aFXZQeai4awLbOpSoHecE9UiMrnfx75tEXLjNonXVARxQ5mOeipTjROUchszUNCqnE+hqAMujRsRHsut2Q==",
      "license": "MIT",
      "funding": {
        "url": "https://github.com/sponsors/colinhacks"
      }
    }
  }
}
